<?xml version="1.0" encoding="utf-8"?>
<Project ToolsVersion="4.0" xmlns="http://schemas.microsoft.com/developer/msbuild/2003">
  <ItemGroup>
    <Filter Include="Source Files">
      <UniqueIdentifier>{4FC737F1-C7A5-4376-A066-2A32D752A2FF}</UniqueIdentifier>
      <Extensions>cpp;c;cc;cxx;def;odl;idl;hpj;bat;asm;asmx</Extensions>
    </Filter>
    <Filter Include="Header Files">
      <UniqueIdentifier>{93995380-89BD-4b04-88EB-625FBE52EBFB}</UniqueIdentifier>
      <Extensions>h;hpp;hxx;hm;inl;inc;xsd</Extensions>
    </Filter>
    <Filter Include="Resource Files">
      <UniqueIdentifier>{67DA6AB6-F800-4c08-8B7A-83BB121AAD01}</UniqueIdentifier>
      <Extensions>rc;ico;cur;bmp;dlg;rc2;rct;bin;rgs;gif;jpg;jpeg;jpe;resx;tiff;tif;png;wav</Extensions>
    </Filter>
    <Filter Include="Blocks">
      <UniqueIdentifier>{B74FF737-ACAD-4A0B-BF15-2AE506204385}</UniqueIdentifier>
    </Filter>
    <Filter Include="Blocks\Cinder-SoundPlayer">
      <UniqueIdentifier>{24779ED4-2864-47D7-B20B-8E7729DA112F}</UniqueIdentifier>
    </Filter>
    <Filter Include="Blocks\Cinder-SoundPlayer\src">
      <UniqueIdentifier>{BACE546B-54D4-45B4-AE66-B49ADBCBD251}</UniqueIdentifier>
    </Filter>
    <Filter Include="Blocks\Cinder-SoundPlayer\src\rph">
      <UniqueIdentifier>{DCB0A329-013C-4902-BDF4-14141A956C0C}</UniqueIdentifier>
    </Filter>
  </ItemGroup>
  <ItemGroup>
    <ClCompile Include="..\src\FadeSoundManagerApp.cpp">
      <Filter>Source Files</Filter>
    </ClCompile>
    <ClInclude Include="..\include\Resources.h">
      <Filter>Header Files</Filter>
    </ClInclude>
    <ClInclude Include="..\..\..\src\rph\SoundPlayer.h">
      <Filter>Blocks\Cinder-SoundPlayer\src\rph</Filter>
    </ClInclude>
    <ClInclude Include="..\..\..\src\rph\SoundManager.h">
      <Filter>Blocks\Cinder-SoundPlayer\src\rph</Filter>
    </ClInclude>
    <ClCompile Include="..\..\..\src\rph\SoundPlayer.cpp">
      <Filter>Blocks\Cinder-SoundPlayer\src\rph</Filter>
    </ClCompile>
    <ClCompile Include="..\..\..\src\rph\SoundManager.cpp">
      <Filter>Blocks\Cinder-SoundPlayer\src\rph</Filter>
    </ClCompile>
    <ClCompile Include="..\src\AudioMatrixApp.cpp">
      <Filter>Source Files</Filter>
    </ClCompile>
    <ClCompile Include="..\src\Cell.cpp">
      <Filter>Source Files</Filter>
    </ClCompile>
  </ItemGroup>
  <ItemGroup>
    <ClInclude Include="..\include\Resources.h">
      <Filter>Header Files</Filter>
    </ClInclude>
    <ClInclude Include="..\src\Cell.h">
      <Filter>Header Files</Filter>
    </ClInclude>
  </ItemGroup>
  <ItemGroup>
    <ResourceCompile Include="Resources.rc">
      <Filter>Resource Files</Filter>
    </ResourceCompile>
  </ItemGroup>
</Project>